github.com/cesar-lp/microservices-playground v0.0.0-20191222151319-9ca6ce20f2e9 h1:LUPNdopRapVIfKDZbhbC/I9KlKEOHyojviMfv48zK/8=
github.com/cesar-lp/microservices-playground v0.0.0-20191223012745-af7ff87371dd h1:FckCX7uYhehUnlPZfanDPoh9iNKy7bBJ2z3FiMVRlqo=
github.com/cesar-lp/microservices-playground v0.0.0-20191224011957-4afea05fe81f h1:TvdF6oYzH4ilNy70IFCQwWKjusCdh0uFZrxfj3Q5Tm4=
github.com/gorilla/mux v1.7.3 h1:gnP5JzjVOuiZD07fKKToCAOjS0yOpj/qPETTXCCS6hw=
github.com/gorilla/mux v1.7.3/go.mod h1:1lud6UwP+6orDFRuTfBEV8e9/aOM/c4fVVCaMa2zaAs=
